// !$*UTF8*$!
{
	archiveVersion = 1;
	classes = {
	};
	objectVersion = 48;
	objects = {

/* Begin PBXBuildFile section */
		A69960E420ED67C4007E44CD /* AppDelegate.swift in Sources */ = {isa = PBXBuildFile; fileRef = A69960E320ED67C4007E44CD /* AppDelegate.swift */; };
		A69960E620ED67C4007E44CD /* ViewController.swift in Sources */ = {isa = PBXBuildFile; fileRef = A69960E520ED67C4007E44CD /* ViewController.swift */; };
		A69960E920ED67C4007E44CD /* Main.storyboard in Resources */ = {isa = PBXBuildFile; fileRef = A69960E720ED67C4007E44CD /* Main.storyboard */; };
		A69960EB20ED67C4007E44CD /* Assets.xcassets in Resources */ = {isa = PBXBuildFile; fileRef = A69960EA20ED67C4007E44CD /* Assets.xcassets */; };
		A69960EE20ED67C4007E44CD /* LaunchScreen.storyboard in Resources */ = {isa = PBXBuildFile; fileRef = A69960EC20ED67C4007E44CD /* LaunchScreen.storyboard */; };
		A69960F920ED67C4007E44CD /* MagicEightBallTests.swift in Sources */ = {isa = PBXBuildFile; fileRef = A69960F820ED67C4007E44CD /* MagicEightBallTests.swift */; };
		A699610420ED67C4007E44CD /* MagicEightBallUITests.swift in Sources */ = {isa = PBXBuildFile; fileRef = A699610320ED67C4007E44CD /* MagicEightBallUITests.swift */; };
/* End PBXBuildFile section */

/* Begin PBXContainerItemProxy section */
		A69960F520ED67C4007E44CD /* PBXContainerItemProxy */ = {
			isa = PBXContainerItemProxy;
			containerPortal = A69960D820ED67C4007E44CD /* Project object */;
			proxyType = 1;
			remoteGlobalIDString = A69960DF20ED67C4007E44CD;
			remoteInfo = MagicEightBall;
		};
		A699610020ED67C4007E44CD /* PBXContainerItemProxy */ = {
			isa = PBXContainerItemProxy;
			containerPortal = A69960D820ED67C4007E44CD /* Project object */;
			proxyType = 1;
			remoteGlobalIDString = A69960DF20ED67C4007E44CD;
			remoteInfo = MagicEightBall;
		};
/* End PBXContainerItemProxy section */

/* Begin PBXFileReference section */
		A69960E020ED67C4007E44CD /* MagicEightBall.app */ = {isa = PBXFileReference; explicitFileType = wrapper.application; includeInIndex = 0; path = MagicEightBall.app; sourceTree = BUILT_PRODUCTS_DIR; };
		A69960E320ED67C4007E44CD /* AppDelegate.swift */ = {isa = PBXFileReference; lastKnownFileType = sourcecode.swift; path = AppDelegate.swift; sourceTree = "<group>"; };
		A69960E520ED67C4007E44CD /* ViewController.swift */ = {isa = PBXFileReference; lastKnownFileType = sourcecode.swift; path = ViewController.swift; sourceTree = "<group>"; };
		A69960E820ED67C4007E44CD /* Base */ = {isa = PBXFileReference; lastKnownFileType = file.storyboard; name = Base; path = Base.lproj/Main.storyboard; sourceTree = "<group>"; };
		A69960EA20ED67C4007E44CD /* Assets.xcassets */ = {isa = PBXFileReference; lastKnownFileType = folder.assetcatalog; path = Assets.xcassets; sourceTree = "<group>"; };
		A69960ED20ED67C4007E44CD /* Base */ = {isa = PBXFileReference; lastKnownFileType = file.storyboard; name = Base; path = Base.lproj/LaunchScreen.storyboard; sourceTree = "<group>"; };
		A69960EF20ED67C4007E44CD /* Info.plist */ = {isa = PBXFileReference; lastKnownFileType = text.plist.xml; path = Info.plist; sourceTree = "<group>"; };
		A69960F420ED67C4007E44CD /* MagicEightBallTests.xctest */ = {isa = PBXFileReference; explicitFileType = wrapper.cfbundle; includeInIndex = 0; path = MagicEightBallTests.xctest; sourceTree = BUILT_PRODUCTS_DIR; };
		A69960F820ED67C4007E44CD /* MagicEightBallTests.swift */ = {isa = PBXFileReference; lastKnownFileType = sourcecode.swift; path = MagicEightBallTests.swift; sourceTree = "<group>"; };
		A69960FA20ED67C4007E44CD /* Info.plist */ = {isa = PBXFileReference; lastKnownFileType = text.plist.xml; path = Info.plist; sourceTree = "<group>"; };
		A69960FF20ED67C4007E44CD /* MagicEightBallUITests.xctest */ = {isa = PBXFileReference; explicitFileType = wrapper.cfbundle; includeInIndex = 0; path = MagicEightBallUITests.xctest; sourceTree = BUILT_PRODUCTS_DIR; };
		A699610320ED67C4007E44CD /* MagicEightBallUITests.swift */ = {isa = PBXFileReference; lastKnownFileType = sourcecode.swift; path = MagicEightBallUITests.swift; sourceTree = "<group>"; };
		A699610520ED67C4007E44CD /* Info.plist */ = {isa = PBXFileReference; lastKnownFileType = text.plist.xml; path = Info.plist; sourceTree = "<group>"; };
/* End PBXFileReference section */

/* Begin PBXFrameworksBuildPhase section */
		A69960DD20ED67C4007E44CD /* Frameworks */ = {
			isa = PBXFrameworksBuildPhase;
			buildActionMask = 2147483647;
			files = (
			);
			runOnlyForDeploymentPostprocessing = 0;
		};
		A69960F120ED67C4007E44CD /* Frameworks */ = {
			isa = PBXFrameworksBuildPhase;
			buildActionMask = 2147483647;
			files = (
			);
			runOnlyForDeploymentPostprocessing = 0;
		};
		A69960FC20ED67C4007E44CD /* Frameworks */ = {
			isa = PBXFrameworksBuildPhase;
			buildActionMask = 2147483647;
			files = (
			);
			runOnlyForDeploymentPostprocessing = 0;
		};
/* End PBXFrameworksBuildPhase section */

/* Begin PBXGroup section */
		A69960D720ED67C4007E44CD = {
			isa = PBXGroup;
			children = (
				A69960E220ED67C4007E44CD /* MagicEightBall */,
				A69960F720ED67C4007E44CD /* MagicEightBallTests */,
				A699610220ED67C4007E44CD /* MagicEightBallUITests */,
				A69960E120ED67C4007E44CD /* Products */,
			);
			sourceTree = "<group>";
		};
		A69960E120ED67C4007E44CD /* Products */ = {
			isa = PBXGroup;
			children = (
				A69960E020ED67C4007E44CD /* MagicEightBall.app */,
				A69960F420ED67C4007E44CD /* MagicEightBallTests.xctest */,
				A69960FF20ED67C4007E44CD /* MagicEightBallUITests.xctest */,
			);
			name = Products;
			sourceTree = "<group>";
		};
		A69960E220ED67C4007E44CD /* MagicEightBall */ = {
			isa = PBXGroup;
			children = (
				A69960E320ED67C4007E44CD /* AppDelegate.swift */,
				A69960E520ED67C4007E44CD /* ViewController.swift */,
				A69960E720ED67C4007E44CD /* Main.storyboard */,
				A69960EA20ED67C4007E44CD /* Assets.xcassets */,
				A69960EC20ED67C4007E44CD /* LaunchScreen.storyboard */,
				A69960EF20ED67C4007E44CD /* Info.plist */,
			);
			path = MagicEightBall;
			sourceTree = "<group>";
		};
		A69960F720ED67C4007E44CD /* MagicEightBallTests */ = {
			isa = PBXGroup;
			children = (
				A69960F820ED67C4007E44CD /* MagicEightBallTests.swift */,
				A69960FA20ED67C4007E44CD /* Info.plist */,
			);
			path = MagicEightBallTests;
			sourceTree = "<group>";
		};
		A699610220ED67C4007E44CD /* MagicEightBallUITests */ = {
			isa = PBXGroup;
			children = (
				A699610320ED67C4007E44CD /* MagicEightBallUITests.swift */,
				A699610520ED67C4007E44CD /* Info.plist */,
			);
			path = MagicEightBallUITests;
			sourceTree = "<group>";
		};
/* End PBXGroup section */

/* Begin PBXNativeTarget section */
		A69960DF20ED67C4007E44CD /* MagicEightBall */ = {
			isa = PBXNativeTarget;
			buildConfigurationList = A699610820ED67C4007E44CD /* Build configuration list for PBXNativeTarget "MagicEightBall" */;
			buildPhases = (
				A69960DC20ED67C4007E44CD /* Sources */,
				A69960DD20ED67C4007E44CD /* Frameworks */,
				A69960DE20ED67C4007E44CD /* Resources */,
			);
			buildRules = (
			);
			dependencies = (
			);
			name = MagicEightBall;
			productName = MagicEightBall;
			productReference = A69960E020ED67C4007E44CD /* MagicEightBall.app */;
			productType = "com.apple.product-type.application";
		};
		A69960F320ED67C4007E44CD /* MagicEightBallTests */ = {
			isa = PBXNativeTarget;
			buildConfigurationList = A699610B20ED67C4007E44CD /* Build configuration list for PBXNativeTarget "MagicEightBallTests" */;
			buildPhases = (
				A69960F020ED67C4007E44CD /* Sources */,
				A69960F120ED67C4007E44CD /* Frameworks */,
				A69960F220ED67C4007E44CD /* Resources */,
			);
			buildRules = (
			);
			dependencies = (
				A69960F620ED67C4007E44CD /* PBXTargetDependency */,
			);
			name = MagicEightBallTests;
			productName = MagicEightBallTests;
			productReference = A69960F420ED67C4007E44CD /* MagicEightBallTests.xctest */;
			productType = "com.apple.product-type.bundle.unit-test";
		};
		A69960FE20ED67C4007E44CD /* MagicEightBallUITests */ = {
			isa = PBXNativeTarget;
			buildConfigurationList = A699610E20ED67C4007E44CD /* Build configuration list for PBXNativeTarget "MagicEightBallUITests" */;
			buildPhases = (
				A69960FB20ED67C4007E44CD /* Sources */,
				A69960FC20ED67C4007E44CD /* Frameworks */,
				A69960FD20ED67C4007E44CD /* Resources */,
			);
			buildRules = (
			);
			dependencies = (
				A699610120ED67C4007E44CD /* PBXTargetDependency */,
			);
			name = MagicEightBallUITests;
			productName = MagicEightBallUITests;
			productReference = A69960FF20ED67C4007E44CD /* MagicEightBallUITests.xctest */;
			productType = "com.apple.product-type.bundle.ui-testing";
		};
/* End PBXNativeTarget section */

/* Begin PBXProject section */
		A69960D820ED67C4007E44CD /* Project object */ = {
			isa = PBXProject;
			attributes = {
				LastSwiftUpdateCheck = 0920;
				LastUpgradeCheck = 0920;
				ORGANIZATIONNAME = "Daniela Bulgaru";
				TargetAttributes = {
					A69960DF20ED67C4007E44CD = {
						CreatedOnToolsVersion = 9.2;
						ProvisioningStyle = Automatic;
					};
					A69960F320ED67C4007E44CD = {
						CreatedOnToolsVersion = 9.2;
						ProvisioningStyle = Automatic;
						TestTargetID = A69960DF20ED67C4007E44CD;
					};
					A69960FE20ED67C4007E44CD = {
						CreatedOnToolsVersion = 9.2;
						ProvisioningStyle = Automatic;
						TestTargetID = A69960DF20ED67C4007E44CD;
					};
				};
			};
			buildConfigurationList = A69960DB20ED67C4007E44CD /* Build configuration list for PBXProject "MagicEightBall" */;
			compatibilityVersion = "Xcode 8.0";
			developmentRegion = en;
			hasScannedForEncodings = 0;
			knownRegions = (
				en,
				Base,
			);
			mainGroup = A69960D720ED67C4007E44CD;
			productRefGroup = A69960E120ED67C4007E44CD /* Products */;
			projectDirPath = "";
			projectRoot = "";
			targets = (
				A69960DF20ED67C4007E44CD /* MagicEightBall */,
				A69960F320ED67C4007E44CD /* MagicEightBallTests */,
				A69960FE20ED67C4007E44CD /* MagicEightBallUITests */,
			);
		};
/* End PBXProject section */

/* Begin PBXResourcesBuildPhase section */
		A69960DE20ED67C4007E44CD /* Resources */ = {
			isa = PBXResourcesBuildPhase;
			buildActionMask = 2147483647;
			files = (
				A69960EE20ED67C4007E44CD /* LaunchScreen.storyboard in Resources */,
				A69960EB20ED67C4007E44CD /* Assets.xcassets in Resources */,
				A69960E920ED67C4007E44CD /* Main.storyboard in Resources */,
			);
			runOnlyForDeploymentPostprocessing = 0;
		};
		A69960F220ED67C4007E44CD /* Resources */ = {
			isa = PBXResourcesBuildPhase;
			buildActionMask = 2147483647;
			files = (
			);
			runOnlyForDeploymentPostprocessing = 0;
		};
		A69960FD20ED67C4007E44CD /* Resources */ = {
			isa = PBXResourcesBuildPhase;
			buildActionMask = 2147483647;
			files = (
			);
			runOnlyForDeploymentPostprocessing = 0;
		};
/* End PBXResourcesBuildPhase section */

/* Begin PBXSourcesBuildPhase section */
		A69960DC20ED67C4007E44CD /* Sources */ = {
			isa = PBXSourcesBuildPhase;
			buildActionMask = 2147483647;
			files = (
				A69960E620ED67C4007E44CD /* ViewController.swift in Sources */,
				A69960E420ED67C4007E44CD /* AppDelegate.swift in Sources */,
			);
			runOnlyForDeploymentPostprocessing = 0;
		};
		A69960F020ED67C4007E44CD /* Sources */ = {
			isa = PBXSourcesBuildPhase;
			buildActionMask = 2147483647;
			files = (
				A69960F920ED67C4007E44CD /* MagicEightBallTests.swift in Sources */,
			);
			runOnlyForDeploymentPostprocessing = 0;
		};
		A69960FB20ED67C4007E44CD /* Sources */ = {
			isa = PBXSourcesBuildPhase;
			buildActionMask = 2147483647;
			files = (
				A699610420ED67C4007E44CD /* MagicEightBallUITests.swift in Sources */,
			);
			runOnlyForDeploymentPostprocessing = 0;
		};
/* End PBXSourcesBuildPhase section */

/* Begin PBXTargetDependency section */
		A69960F620ED67C4007E44CD /* PBXTargetDependency */ = {
			isa = PBXTargetDependency;
			target = A69960DF20ED67C4007E44CD /* MagicEightBall */;
			targetProxy = A69960F520ED67C4007E44CD /* PBXContainerItemProxy */;
		};
		A699610120ED67C4007E44CD /* PBXTargetDependency */ = {
			isa = PBXTargetDependency;
			target = A69960DF20ED67C4007E44CD /* MagicEightBall */;
			targetProxy = A699610020ED67C4007E44CD /* PBXContainerItemProxy */;
		};
/* End PBXTargetDependency section */

/* Begin PBXVariantGroup section */
		A69960E720ED67C4007E44CD /* Main.storyboard */ = {
			isa = PBXVariantGroup;
			children = (
				A69960E820ED67C4007E44CD /* Base */,
			);
			name = Main.storyboard;
			sourceTree = "<group>";
		};
		A69960EC20ED67C4007E44CD /* LaunchScreen.storyboard */ = {
			isa = PBXVariantGroup;
			children = (
				A69960ED20ED67C4007E44CD /* Base */,
			);
			name = LaunchScreen.storyboard;
			sourceTree = "<group>";
		};
/* End PBXVariantGroup section */

/* Begin XCBuildConfiguration section */
		A699610620ED67C4007E44CD /* Debug */ = {
			isa = XCBuildConfiguration;
			buildSettings = {
				ALWAYS_SEARCH_USER_PATHS = NO;
				CLANG_ANALYZER_NONNULL = YES;
				CLANG_ANALYZER_NUMBER_OBJECT_CONVERSION = YES_AGGRESSIVE;
				CLANG_CXX_LANGUAGE_STANDARD = "gnu++14";
				CLANG_CXX_LIBRARY = "libc++";
				CLANG_ENABLE_MODULES = YES;
				CLANG_ENABLE_OBJC_ARC = YES;
				CLANG_WARN_BLOCK_CAPTURE_AUTORELEASING = YES;
				CLANG_WARN_BOOL_CONVERSION = YES;
				CLANG_WARN_COMMA = YES;
				CLANG_WARN_CONSTANT_CONVERSION = YES;
				CLANG_WARN_DIRECT_OBJC_ISA_USAGE = YES_ERROR;
				CLANG_WARN_DOCUMENTATION_COMMENTS = YES;
				CLANG_WARN_EMPTY_BODY = YES;
				CLANG_WARN_ENUM_CONVERSION = YES;
				CLANG_WARN_INFINITE_RECURSION = YES;
				CLANG_WARN_INT_CONVERSION = YES;
				CLANG_WARN_NON_LITERAL_NULL_CONVERSION = YES;
				CLANG_WARN_OBJC_LITERAL_CONVERSION = YES;
				CLANG_WARN_OBJC_ROOT_CLASS = YES_ERROR;
				CLANG_WARN_RANGE_LOOP_ANALYSIS = YES;
				CLANG_WARN_STRICT_PROTOTYPES = YES;
				CLANG_WARN_SUSPICIOUS_MOVE = YES;
				CLANG_WARN_UNGUARDED_AVAILABILITY = YES_AGGRESSIVE;
				CLANG_WARN_UNREACHABLE_CODE = YES;
				CLANG_WARN__DUPLICATE_METHOD_MATCH = YES;
				CODE_SIGN_IDENTITY = "iPhone Developer";
				COPY_PHASE_STRIP = NO;
				DEBUG_INFORMATION_FORMAT = dwarf;
				ENABLE_STRICT_OBJC_MSGSEND = YES;
				ENABLE_TESTABILITY = YES;
				GCC_C_LANGUAGE_STANDARD = gnu11;
				GCC_DYNAMIC_NO_PIC = NO;
				GCC_NO_COMMON_BLOCKS = YES;
				GCC_OPTIMIZATION_LEVEL = 0;
				GCC_PREPROCESSOR_DEFINITIONS = (
					"DEBUG=1",
					"$(inherited)",
				);
				GCC_WARN_64_TO_32_BIT_CONVERSION = YES;
				GCC_WARN_ABOUT_RETURN_TYPE = YES_ERROR;
				GCC_WARN_UNDECLARED_SELECTOR = YES;
				GCC_WARN_UNINITIALIZED_AUTOS = YES_AGGRESSIVE;
				GCC_WARN_UNUSED_FUNCTION = YES;
				GCC_WARN_UNUSED_VARIABLE = YES;
				IPHONEOS_DEPLOYMENT_TARGET = 11.2;
				MTL_ENABLE_DEBUG_INFO = YES;
				ONLY_ACTIVE_ARCH = YES;
				SDKROOT = iphoneos;
				SWIFT_ACTIVE_COMPILATION_CONDITIONS = DEBUG;
				SWIFT_OPTIMIZATION_LEVEL = "-Onone";
			};
			name = Debug;
		};
		A699610720ED67C4007E44CD /* Release */ = {
			isa = XCBuildConfiguration;
			buildSettings = {
				ALWAYS_SEARCH_USER_PATHS = NO;
				CLANG_ANALYZER_NONNULL = YES;
				CLANG_ANALYZER_NUMBER_OBJECT_CONVERSION = YES_AGGRESSIVE;
				CLANG_CXX_LANGUAGE_STANDARD = "gnu++14";
				CLANG_CXX_LIBRARY = "libc++";
				CLANG_ENABLE_MODULES = YES;
				CLANG_ENABLE_OBJC_ARC = YES;
				CLANG_WARN_BLOCK_CAPTURE_AUTORELEASING = YES;
				CLANG_WARN_BOOL_CONVERSION = YES;
				CLANG_WARN_COMMA = YES;
				CLANG_WARN_CONSTANT_CONVERSION = YES;
				CLANG_WARN_DIRECT_OBJC_ISA_USAGE = YES_ERROR;
				CLANG_WARN_DOCUMENTATION_COMMENTS = YES;
				CLANG_WARN_EMPTY_BODY = YES;
				CLANG_WARN_ENUM_CONVERSION = YES;
				CLANG_WARN_INFINITE_RECURSION = YES;
				CLANG_WARN_INT_CONVERSION = YES;
				CLANG_WARN_NON_LITERAL_NULL_CONVERSION = YES;
				CLANG_WARN_OBJC_LITERAL_CONVERSION = YES;
				CLANG_WARN_OBJC_ROOT_CLASS = YES_ERROR;
				CLANG_WARN_RANGE_LOOP_ANALYSIS = YES;
				CLANG_WARN_STRICT_PROTOTYPES = YES;
				CLANG_WARN_SUSPICIOUS_MOVE = YES;
				CLANG_WARN_UNGUARDED_AVAILABILITY = YES_AGGRESSIVE;
				CLANG_WARN_UNREACHABLE_CODE = YES;
				CLANG_WARN__DUPLICATE_METHOD_MATCH = YES;
				CODE_SIGN_IDENTITY = "iPhone Developer";
				COPY_PHASE_STRIP = NO;
				DEBUG_INFORMATION_FORMAT = "dwarf-with-dsym";
				ENABLE_NS_ASSERTIONS = NO;
				ENABLE_STRICT_OBJC_MSGSEND = YES;
				GCC_C_LANGUAGE_STANDARD = gnu11;
				GCC_NO_COMMON_BLOCKS = YES;
				GCC_WARN_64_TO_32_BIT_CONVERSION = YES;
				GCC_WARN_ABOUT_RETURN_TYPE = YES_ERROR;
				GCC_WARN_UNDECLARED_SELECTOR = YES;
				GCC_WARN_UNINITIALIZED_AUTOS = YES_AGGRESSIVE;
				GCC_WARN_UNUSED_FUNCTION = YES;
				GCC_WARN_UNUSED_VARIABLE = YES;
				IPHONEOS_DEPLOYMENT_TARGET = 11.2;
				MTL_ENABLE_DEBUG_INFO = NO;
				SDKROOT = iphoneos;
				SWIFT_OPTIMIZATION_LEVEL = "-Owholemodule";
				VALIDATE_PRODUCT = YES;
			};
			name = Release;
		};
		A699610920ED67C4007E44CD /* Debug */ = {
			isa = XCBuildConfiguration;
			buildSettings = {
				ASSETCATALOG_COMPILER_APPICON_NAME = AppIcon;
				CODE_SIGN_STYLE = Automatic;
				DEVELOPMENT_TEAM = W93DM7UU9V;
				INFOPLIST_FILE = MagicEightBall/Info.plist;
				LD_RUNPATH_SEARCH_PATHS = "$(inherited) @executable_path/Frameworks";
				PRODUCT_BUNDLE_IDENTIFIER = danielablg.MagicEightBall;
				PRODUCT_NAME = "$(TARGET_NAME)";
				SWIFT_VERSION = 4.0;
				TARGETED_DEVICE_FAMILY = "1,2";
			};
			name = Debug;
		};
		A699610A20ED67C4007E44CD /* Release */ = {
			isa = XCBuildConfiguration;
			buildSettings = {
				ASSETCATALOG_COMPILER_APPICON_NAME = AppIcon;
				CODE_SIGN_STYLE = Automatic;
				DEVELOPMENT_TEAM = W93DM7UU9V;
				INFOPLIST_FILE = MagicEightBall/Info.plist;
				LD_RUNPATH_SEARCH_PATHS = "$(inherited) @executable_path/Frameworks";
				PRODUCT_BUNDLE_IDENTIFIER = danielablg.MagicEightBall;
				PRODUCT_NAME = "$(TARGET_NAME)";
				SWIFT_VERSION = 4.0;
				TARGETED_DEVICE_FAMILY = "1,2";
			};
			name = Release;
		};
		A699610C20ED67C4007E44CD /* Debug */ = {
			isa = XCBuildConfiguration;
			buildSettings = {
				ALWAYS_EMBED_SWIFT_STANDARD_LIBRARIES = YES;
				BUNDLE_LOADER = "$(TEST_HOST)";
				CODE_SIGN_STYLE = Automatic;
				DEVELOPMENT_TEAM = W93DM7UU9V;
				INFOPLIST_FILE = MagicEightBallTests/Info.plist;
				LD_RUNPATH_SEARCH_PATHS = "$(inherited) @executable_path/Frameworks @loader_path/Frameworks";
				PRODUCT_BUNDLE_IDENTIFIER = danielablg.MagicEightBallTests;
				PRODUCT_NAME = "$(TARGET_NAME)";
				SWIFT_VERSION = 4.0;
				TARGETED_DEVICE_FAMILY = "1,2";
				TEST_HOST = "$(BUILT_PRODUCTS_DIR)/MagicEightBall.app/MagicEightBall";
			};
			name = Debug;
		};
		A699610D20ED67C4007E44CD /* Release */ = {
			isa = XCBuildConfiguration;
			buildSettings = {
				ALWAYS_EMBED_SWIFT_STANDARD_LIBRARIES = YES;
				BUNDLE_LOADER = "$(TEST_HOST)";
				CODE_SIGN_STYLE = Automatic;
				DEVELOPMENT_TEAM = W93DM7UU9V;
				INFOPLIST_FILE = MagicEightBallTests/Info.plist;
				LD_RUNPATH_SEARCH_PATHS = "$(inherited) @executable_path/Frameworks @loader_path/Frameworks";
				PRODUCT_BUNDLE_IDENTIFIER = danielablg.MagicEightBallTests;
				PRODUCT_NAME = "$(TARGET_NAME)";
				SWIFT_VERSION = 4.0;
				TARGETED_DEVICE_FAMILY = "1,2";
				TEST_HOST = "$(BUILT_PRODUCTS_DIR)/MagicEightBall.app/MagicEightBall";
			};
			name = Release;
		};
		A699610F20ED67C4007E44CD /* Debug */ = {
			isa = XCBuildConfiguration;
			buildSettings = {
				ALWAYS_EMBED_SWIFT_STANDARD_LIBRARIES = YES;
				CODE_SIGN_STYLE = Automatic;
				DEVELOPMENT_TEAM = W93DM7UU9V;
				INFOPLIST_FILE = MagicEightBallUITests/Info.plist;
				LD_RUNPATH_SEARCH_PATHS = "$(inherited) @executable_path/Frameworks @loader_path/Frameworks";
				PRODUCT_BUNDLE_IDENTIFIER = danielablg.MagicEightBallUITests;
				PRODUCT_NAME = "$(TARGET_NAME)";
				SWIFT_VERSION = 4.0;
				TARGETED_DEVICE_FAMILY = "1,2";
				TEST_TARGET_NAME = MagicEightBall;
			};
			name = Debug;
		};
		A699611020ED67C4007E44CD /* Release */ = {
			isa = XCBuildConfiguration;
			buildSettings = {
				ALWAYS_EMBED_SWIFT_STANDARD_LIBRARIES = YES;
				CODE_SIGN_STYLE = Automatic;
				DEVELOPMENT_TEAM = W93DM7UU9V;
				INFOPLIST_FILE = MagicEightBallUITests/Info.plist;
				LD_RUNPATH_SEARCH_PATHS = "$(inherited) @executable_path/Frameworks @loader_path/Frameworks";
				PRODUCT_BUNDLE_IDENTIFIER = danielablg.MagicEightBallUITests;
				PRODUCT_NAME = "$(TARGET_NAME)";
				SWIFT_VERSION = 4.0;
				TARGETED_DEVICE_FAMILY = "1,2";
				TEST_TARGET_NAME = MagicEightBall;
			};
			name = Release;
		};
/* End XCBuildConfiguration section */

/* Begin XCConfigurationList section */
		A69960DB20ED67C4007E44CD /* Build configuration list for PBXProject "MagicEightBall" */ = {
			isa = XCConfigurationList;
			buildConfigurations = (
				A699610620ED67C4007E44CD /* Debug */,
				A699610720ED67C4007E44CD /* Release */,
			);
			defaultConfigurationIsVisible = 0;
			defaultConfigurationName = Release;
		};
		A699610820ED67C4007E44CD /* Build configuration list for PBXNativeTarget "MagicEightBall" */ = {
			isa = XCConfigurationList;
			buildConfigurations = (
				A699610920ED67C4007E44CD /* Debug */,
				A699610A20ED67C4007E44CD /* Release */,
			);
			defaultConfigurationIsVisible = 0;
			defaultConfigurationName = Release;
		};
		A699610B20ED67C4007E44CD /* Build configuration list for PBXNativeTarget "MagicEightBallTests" */ = {
			isa = XCConfigurationList;
			buildConfigurations = (
				A699610C20ED67C4007E44CD /* Debug */,
				A699610D20ED67C4007E44CD /* Release */,
			);
			defaultConfigurationIsVisible = 0;
			defaultConfigurationName = Release;
		};
		A699610E20ED67C4007E44CD /* Build configuration list for PBXNativeTarget "MagicEightBallUITests" */ = {
			isa = XCConfigurationList;
			buildConfigurations = (
				A699610F20ED67C4007E44CD /* Debug */,
				A699611020ED67C4007E44CD /* Release */,
			);
			defaultConfigurationIsVisible = 0;
			defaultConfigurationName = Release;
		};
/* End XCConfigurationList section */
	};
	rootObject = A69960D820ED67C4007E44CD /* Project object */;
}
